
Microsoft Visual Studio Solution File, Format Version 12.00
# Visual Studio Version 17
VisualStudioVersion = 17.7.34024.191
MinimumVisualStudioVersion = 10.0.40219.1
Project("{FAE04EC0-301F-11D3-BF4B-00C04F79EFBC}") = "ConsoleApp4", "ConsoleApp4\ConsoleApp4.csproj", "{510E0F03-076B-4513-A803-466B41DA4BC0}"
EndProject
Global
	GlobalSection(SolutionConfigurationPlatforms) = preSolution
		Debug|Any CPU = Debug|Any CPU
		Release|Any CPU = Release|Any CPU
	EndGlobalSection
	GlobalSection(ProjectConfigurationPlatforms) = postSolution
		{510E0F03-076B-4513-A803-466B41DA4BC0}.Debug|Any CPU.ActiveCfg = Debug|Any CPU
		{510E0F03-076B-4513-A803-466B41DA4BC0}.Debug|Any CPU.Build.0 = Debug|Any CPU
		{510E0F03-076B-4513-A803-466B41DA4BC0}.Release|Any CPU.ActiveCfg = Release|Any CPU
		{510E0F03-076B-4513-A803-466B41DA4BC0}.Release|Any CPU.Build.0 = Release|Any CPU
	EndGlobalSection
	GlobalSection(SolutionProperties) = preSolution
		HideSolutionNode = FALSE
	EndGlobalSection
	GlobalSection(ExtensibilityGlobals) = postSolution
		SolutionGuid = {63698FB2-C11B-41BE-B662-AD8EE45737D1}
	EndGlobalSection
EndGlobal
